
Microsoft Visual Studio Solution File, Format Version 12.00
# Visual Studio Version 17
VisualStudioVersion = 17.14.36310.24 d17.14
MinimumVisualStudioVersion = 10.0.40219.1
Project("{FAE04EC0-301F-11D3-BF4B-00C04F79EFBC}") = "M01.ModelAndInMemoryStoreSetup", "M01.ModelAndInMemoryStoreSetup\M01.ModelAndInMemoryStoreSetup.csproj", "{12AFBEEB-6C71-43B9-8672-1B88AE81812E}"
EndProject
Project("{FAE04EC0-301F-11D3-BF4B-00C04F79EFBC}") = "02MvcCrud", "02MvcCrud\02MvcCrud.csproj", "{B907940C-9E72-4AB9-987B-5F392949F014}"
EndProject
Project("{FAE04EC0-301F-11D3-BF4B-00C04F79EFBC}") = "04 Razor Pages CRUD", "04 Razor Pages CRUD\04 Razor Pages CRUD.csproj", "{54E26622-6216-4E85-92AF-EED4840B48DE}"
EndProject
Global
	GlobalSection(SolutionConfigurationPlatforms) = preSolution
		Debug|Any CPU = Debug|Any CPU
		Release|Any CPU = Release|Any CPU
	EndGlobalSection
	GlobalSection(ProjectConfigurationPlatforms) = postSolution
		{12AFBEEB-6C71-43B9-8672-1B88AE81812E}.Debug|Any CPU.ActiveCfg = Debug|Any CPU
		{12AFBEEB-6C71-43B9-8672-1B88AE81812E}.Debug|Any CPU.Build.0 = Debug|Any CPU
		{12AFBEEB-6C71-43B9-8672-1B88AE81812E}.Release|Any CPU.ActiveCfg = Release|Any CPU
		{12AFBEEB-6C71-43B9-8672-1B88AE81812E}.Release|Any CPU.Build.0 = Release|Any CPU
		{B907940C-9E72-4AB9-987B-5F392949F014}.Debug|Any CPU.ActiveCfg = Debug|Any CPU
		{B907940C-9E72-4AB9-987B-5F392949F014}.Debug|Any CPU.Build.0 = Debug|Any CPU
		{B907940C-9E72-4AB9-987B-5F392949F014}.Release|Any CPU.ActiveCfg = Release|Any CPU
		{B907940C-9E72-4AB9-987B-5F392949F014}.Release|Any CPU.Build.0 = Release|Any CPU
		{54E26622-6216-4E85-92AF-EED4840B48DE}.Debug|Any CPU.ActiveCfg = Debug|Any CPU
		{54E26622-6216-4E85-92AF-EED4840B48DE}.Debug|Any CPU.Build.0 = Debug|Any CPU
		{54E26622-6216-4E85-92AF-EED4840B48DE}.Release|Any CPU.ActiveCfg = Release|Any CPU
		{54E26622-6216-4E85-92AF-EED4840B48DE}.Release|Any CPU.Build.0 = Release|Any CPU
	EndGlobalSection
	GlobalSection(SolutionProperties) = preSolution
		HideSolutionNode = FALSE
	EndGlobalSection
	GlobalSection(ExtensibilityGlobals) = postSolution
		SolutionGuid = {85F27981-96A5-41EF-8446-84BACBBC7EEC}
	EndGlobalSection
EndGlobal
